// !$*UTF8*$!
{
	archiveVersion = 1;
	classes = {
	};
	objectVersion = 50;
	objects = {

/* Begin PBXBuildFile section */
		8B0238C126C6493F00450217 /* Notification.swift in Sources */ = {isa = PBXBuildFile; fileRef = 8B0238C026C6493F00450217 /* Notification.swift */; };
		8B35931326C36C1100664B59 /* DetailViewController.swift in Sources */ = {isa = PBXBuildFile; fileRef = 8B35931226C36C1100664B59 /* DetailViewController.swift */; };
		8B6F655B26C1115A006815FF /* AppDelegate.swift in Sources */ = {isa = PBXBuildFile; fileRef = 8B6F655A26C1115A006815FF /* AppDelegate.swift */; };
		8B6F655D26C1115A006815FF /* SceneDelegate.swift in Sources */ = {isa = PBXBuildFile; fileRef = 8B6F655C26C1115A006815FF /* SceneDelegate.swift */; };
		8B6F655F26C1115A006815FF /* ViewController.swift in Sources */ = {isa = PBXBuildFile; fileRef = 8B6F655E26C1115A006815FF /* ViewController.swift */; };
		8B6F656226C1115A006815FF /* Main.storyboard in Resources */ = {isa = PBXBuildFile; fileRef = 8B6F656026C1115A006815FF /* Main.storyboard */; };
		8B6F656426C1115B006815FF /* Assets.xcassets in Resources */ = {isa = PBXBuildFile; fileRef = 8B6F656326C1115B006815FF /* Assets.xcassets */; };
		8B6F656726C1115B006815FF /* LaunchScreen.storyboard in Resources */ = {isa = PBXBuildFile; fileRef = 8B6F656526C1115B006815FF /* LaunchScreen.storyboard */; };
		8B6F657226C1115B006815FF /* TravelPlannerTests.swift in Sources */ = {isa = PBXBuildFile; fileRef = 8B6F657126C1115B006815FF /* TravelPlannerTests.swift */; };
		8B6F657D26C1115B006815FF /* TravelPlannerUITests.swift in Sources */ = {isa = PBXBuildFile; fileRef = 8B6F657C26C1115B006815FF /* TravelPlannerUITests.swift */; };
		8B6F658D26C1126A006815FF /* ItineraryViewController.swift in Sources */ = {isa = PBXBuildFile; fileRef = 8B6F658C26C1126A006815FF /* ItineraryViewController.swift */; };
		8B8021EE26C1142000149784 /* Itinerary.swift in Sources */ = {isa = PBXBuildFile; fileRef = 8B8021ED26C1142000149784 /* Itinerary.swift */; };
		8B8021F026C258EA00149784 /* ItineraryStore.swift in Sources */ = {isa = PBXBuildFile; fileRef = 8B8021EF26C258EA00149784 /* ItineraryStore.swift */; };
		8B8021F226C25AFA00149784 /* ItineraryCell.swift in Sources */ = {isa = PBXBuildFile; fileRef = 8B8021F126C25AFA00149784 /* ItineraryCell.swift */; };
		8B8021FA26C269A100149784 /* FlickrAPI.swift in Sources */ = {isa = PBXBuildFile; fileRef = 8B8021F926C269A100149784 /* FlickrAPI.swift */; };
		8B8021FC26C2703100149784 /* ImageStore.swift in Sources */ = {isa = PBXBuildFile; fileRef = 8B8021FB26C2703100149784 /* ImageStore.swift */; };
		8B8021FE26C271A500149784 /* Image.swift in Sources */ = {isa = PBXBuildFile; fileRef = 8B8021FD26C271A500149784 /* Image.swift */; };
/* End PBXBuildFile section */

/* Begin PBXContainerItemProxy section */
		8B6F656E26C1115B006815FF /* PBXContainerItemProxy */ = {
			isa = PBXContainerItemProxy;
			containerPortal = 8B6F654F26C1115A006815FF /* Project object */;
			proxyType = 1;
			remoteGlobalIDString = 8B6F655626C1115A006815FF;
			remoteInfo = TravelPlanner;
		};
		8B6F657926C1115B006815FF /* PBXContainerItemProxy */ = {
			isa = PBXContainerItemProxy;
			containerPortal = 8B6F654F26C1115A006815FF /* Project object */;
			proxyType = 1;
			remoteGlobalIDString = 8B6F655626C1115A006815FF;
			remoteInfo = TravelPlanner;
		};
/* End PBXContainerItemProxy section */

/* Begin PBXFileReference section */
		8B0238C026C6493F00450217 /* Notification.swift */ = {isa = PBXFileReference; lastKnownFileType = sourcecode.swift; path = Notification.swift; sourceTree = "<group>"; };
		8B35931226C36C1100664B59 /* DetailViewController.swift */ = {isa = PBXFileReference; lastKnownFileType = sourcecode.swift; path = DetailViewController.swift; sourceTree = "<group>"; };
		8B6F655726C1115A006815FF /* TravelPlanner.app */ = {isa = PBXFileReference; explicitFileType = wrapper.application; includeInIndex = 0; path = TravelPlanner.app; sourceTree = BUILT_PRODUCTS_DIR; };
		8B6F655A26C1115A006815FF /* AppDelegate.swift */ = {isa = PBXFileReference; lastKnownFileType = sourcecode.swift; path = AppDelegate.swift; sourceTree = "<group>"; };
		8B6F655C26C1115A006815FF /* SceneDelegate.swift */ = {isa = PBXFileReference; lastKnownFileType = sourcecode.swift; path = SceneDelegate.swift; sourceTree = "<group>"; };
		8B6F655E26C1115A006815FF /* ViewController.swift */ = {isa = PBXFileReference; lastKnownFileType = sourcecode.swift; path = ViewController.swift; sourceTree = "<group>"; };
		8B6F656126C1115A006815FF /* Base */ = {isa = PBXFileReference; lastKnownFileType = file.storyboard; name = Base; path = Base.lproj/Main.storyboard; sourceTree = "<group>"; };
		8B6F656326C1115B006815FF /* Assets.xcassets */ = {isa = PBXFileReference; lastKnownFileType = folder.assetcatalog; path = Assets.xcassets; sourceTree = "<group>"; };
		8B6F656626C1115B006815FF /* Base */ = {isa = PBXFileReference; lastKnownFileType = file.storyboard; name = Base; path = Base.lproj/LaunchScreen.storyboard; sourceTree = "<group>"; };
		8B6F656826C1115B006815FF /* Info.plist */ = {isa = PBXFileReference; lastKnownFileType = text.plist.xml; path = Info.plist; sourceTree = "<group>"; };
		8B6F656D26C1115B006815FF /* TravelPlannerTests.xctest */ = {isa = PBXFileReference; explicitFileType = wrapper.cfbundle; includeInIndex = 0; path = TravelPlannerTests.xctest; sourceTree = BUILT_PRODUCTS_DIR; };
		8B6F657126C1115B006815FF /* TravelPlannerTests.swift */ = {isa = PBXFileReference; lastKnownFileType = sourcecode.swift; path = TravelPlannerTests.swift; sourceTree = "<group>"; };
		8B6F657326C1115B006815FF /* Info.plist */ = {isa = PBXFileReference; lastKnownFileType = text.plist.xml; path = Info.plist; sourceTree = "<group>"; };
		8B6F657826C1115B006815FF /* TravelPlannerUITests.xctest */ = {isa = PBXFileReference; explicitFileType = wrapper.cfbundle; includeInIndex = 0; path = TravelPlannerUITests.xctest; sourceTree = BUILT_PRODUCTS_DIR; };
		8B6F657C26C1115B006815FF /* TravelPlannerUITests.swift */ = {isa = PBXFileReference; lastKnownFileType = sourcecode.swift; path = TravelPlannerUITests.swift; sourceTree = "<group>"; };
		8B6F657E26C1115B006815FF /* Info.plist */ = {isa = PBXFileReference; lastKnownFileType = text.plist.xml; path = Info.plist; sourceTree = "<group>"; };
		8B6F658C26C1126A006815FF /* ItineraryViewController.swift */ = {isa = PBXFileReference; lastKnownFileType = sourcecode.swift; path = ItineraryViewController.swift; sourceTree = "<group>"; };
		8B8021ED26C1142000149784 /* Itinerary.swift */ = {isa = PBXFileReference; lastKnownFileType = sourcecode.swift; path = Itinerary.swift; sourceTree = "<group>"; };
		8B8021EF26C258EA00149784 /* ItineraryStore.swift */ = {isa = PBXFileReference; lastKnownFileType = sourcecode.swift; path = ItineraryStore.swift; sourceTree = "<group>"; };
		8B8021F126C25AFA00149784 /* ItineraryCell.swift */ = {isa = PBXFileReference; lastKnownFileType = sourcecode.swift; path = ItineraryCell.swift; sourceTree = "<group>"; };
		8B8021F926C269A100149784 /* FlickrAPI.swift */ = {isa = PBXFileReference; lastKnownFileType = sourcecode.swift; path = FlickrAPI.swift; sourceTree = "<group>"; };
		8B8021FB26C2703100149784 /* ImageStore.swift */ = {isa = PBXFileReference; lastKnownFileType = sourcecode.swift; path = ImageStore.swift; sourceTree = "<group>"; };
		8B8021FD26C271A500149784 /* Image.swift */ = {isa = PBXFileReference; lastKnownFileType = sourcecode.swift; path = Image.swift; sourceTree = "<group>"; };
/* End PBXFileReference section */

/* Begin PBXFrameworksBuildPhase section */
		8B6F655426C1115A006815FF /* Frameworks */ = {
			isa = PBXFrameworksBuildPhase;
			buildActionMask = 2147483647;
			files = (
			);
			runOnlyForDeploymentPostprocessing = 0;
		};
		8B6F656A26C1115B006815FF /* Frameworks */ = {
			isa = PBXFrameworksBuildPhase;
			buildActionMask = 2147483647;
			files = (
			);
			runOnlyForDeploymentPostprocessing = 0;
		};
		8B6F657526C1115B006815FF /* Frameworks */ = {
			isa = PBXFrameworksBuildPhase;
			buildActionMask = 2147483647;
			files = (
			);
			runOnlyForDeploymentPostprocessing = 0;
		};
/* End PBXFrameworksBuildPhase section */

/* Begin PBXGroup section */
		8B0238BF26C648FA00450217 /* Extensions */ = {
			isa = PBXGroup;
			children = (
				8B0238C026C6493F00450217 /* Notification.swift */,
			);
			path = Extensions;
			sourceTree = "<group>";
		};
		8B6F654E26C1115A006815FF = {
			isa = PBXGroup;
			children = (
				8B6F655926C1115A006815FF /* TravelPlanner */,
				8B6F657026C1115B006815FF /* TravelPlannerTests */,
				8B6F657B26C1115B006815FF /* TravelPlannerUITests */,
				8B6F655826C1115A006815FF /* Products */,
			);
			sourceTree = "<group>";
		};
		8B6F655826C1115A006815FF /* Products */ = {
			isa = PBXGroup;
			children = (
				8B6F655726C1115A006815FF /* TravelPlanner.app */,
				8B6F656D26C1115B006815FF /* TravelPlannerTests.xctest */,
				8B6F657826C1115B006815FF /* TravelPlannerUITests.xctest */,
			);
			name = Products;
			sourceTree = "<group>";
		};
		8B6F655926C1115A006815FF /* TravelPlanner */ = {
			isa = PBXGroup;
			children = (
				8B6F655A26C1115A006815FF /* AppDelegate.swift */,
				8B6F655C26C1115A006815FF /* SceneDelegate.swift */,
				8B6F655E26C1115A006815FF /* ViewController.swift */,
				8B6F656026C1115A006815FF /* Main.storyboard */,
				8B6F656326C1115B006815FF /* Assets.xcassets */,
				8B6F656526C1115B006815FF /* LaunchScreen.storyboard */,
				8B6F656826C1115B006815FF /* Info.plist */,
				8B0238BF26C648FA00450217 /* Extensions */,
				8B8021F326C264DE00149784 /* Application */,
				8B8021EC26C1140E00149784 /* Models */,
			);
			path = TravelPlanner;
			sourceTree = "<group>";
		};
		8B6F657026C1115B006815FF /* TravelPlannerTests */ = {
			isa = PBXGroup;
			children = (
				8B6F657126C1115B006815FF /* TravelPlannerTests.swift */,
				8B6F657326C1115B006815FF /* Info.plist */,
			);
			path = TravelPlannerTests;
			sourceTree = "<group>";
		};
		8B6F657B26C1115B006815FF /* TravelPlannerUITests */ = {
			isa = PBXGroup;
			children = (
				8B6F657C26C1115B006815FF /* TravelPlannerUITests.swift */,
				8B6F657E26C1115B006815FF /* Info.plist */,
			);
			path = TravelPlannerUITests;
			sourceTree = "<group>";
		};
		8B6F658A26C111E8006815FF /* Planner */ = {
			isa = PBXGroup;
			children = (
				8B6F658C26C1126A006815FF /* ItineraryViewController.swift */,
				8B8021F126C25AFA00149784 /* ItineraryCell.swift */,
			);
			path = Planner;
			sourceTree = "<group>";
		};
		8B6F658B26C111FA006815FF /* Detail */ = {
			isa = PBXGroup;
			children = (
				8B35931226C36C1100664B59 /* DetailViewController.swift */,
			);
			path = Detail;
			sourceTree = "<group>";
		};
		8B8021EC26C1140E00149784 /* Models */ = {
			isa = PBXGroup;
			children = (
				8B8021ED26C1142000149784 /* Itinerary.swift */,
				8B8021EF26C258EA00149784 /* ItineraryStore.swift */,
				8B8021FB26C2703100149784 /* ImageStore.swift */,
				8B8021FD26C271A500149784 /* Image.swift */,
			);
			path = Models;
			sourceTree = "<group>";
		};
		8B8021F326C264DE00149784 /* Application */ = {
			isa = PBXGroup;
			children = (
				8B8021F826C2698800149784 /* API */,
				8B6F658A26C111E8006815FF /* Planner */,
				8B6F658B26C111FA006815FF /* Detail */,
			);
			path = Application;
			sourceTree = "<group>";
		};
		8B8021F826C2698800149784 /* API */ = {
			isa = PBXGroup;
			children = (
				8B8021F926C269A100149784 /* FlickrAPI.swift */,
			);
			path = API;
			sourceTree = "<group>";
		};
/* End PBXGroup section */

/* Begin PBXNativeTarget section */
		8B6F655626C1115A006815FF /* TravelPlanner */ = {
			isa = PBXNativeTarget;
			buildConfigurationList = 8B6F658126C1115B006815FF /* Build configuration list for PBXNativeTarget "TravelPlanner" */;
			buildPhases = (
				8B6F655326C1115A006815FF /* Sources */,
				8B6F655426C1115A006815FF /* Frameworks */,
				8B6F655526C1115A006815FF /* Resources */,
			);
			buildRules = (
			);
			dependencies = (
			);
			name = TravelPlanner;
			productName = TravelPlanner;
			productReference = 8B6F655726C1115A006815FF /* TravelPlanner.app */;
			productType = "com.apple.product-type.application";
		};
		8B6F656C26C1115B006815FF /* TravelPlannerTests */ = {
			isa = PBXNativeTarget;
			buildConfigurationList = 8B6F658426C1115B006815FF /* Build configuration list for PBXNativeTarget "TravelPlannerTests" */;
			buildPhases = (
				8B6F656926C1115B006815FF /* Sources */,
				8B6F656A26C1115B006815FF /* Frameworks */,
				8B6F656B26C1115B006815FF /* Resources */,
			);
			buildRules = (
			);
			dependencies = (
				8B6F656F26C1115B006815FF /* PBXTargetDependency */,
			);
			name = TravelPlannerTests;
			productName = TravelPlannerTests;
			productReference = 8B6F656D26C1115B006815FF /* TravelPlannerTests.xctest */;
			productType = "com.apple.product-type.bundle.unit-test";
		};
		8B6F657726C1115B006815FF /* TravelPlannerUITests */ = {
			isa = PBXNativeTarget;
			buildConfigurationList = 8B6F658726C1115B006815FF /* Build configuration list for PBXNativeTarget "TravelPlannerUITests" */;
			buildPhases = (
				8B6F657426C1115B006815FF /* Sources */,
				8B6F657526C1115B006815FF /* Frameworks */,
				8B6F657626C1115B006815FF /* Resources */,
			);
			buildRules = (
			);
			dependencies = (
				8B6F657A26C1115B006815FF /* PBXTargetDependency */,
			);
			name = TravelPlannerUITests;
			productName = TravelPlannerUITests;
			productReference = 8B6F657826C1115B006815FF /* TravelPlannerUITests.xctest */;
			productType = "com.apple.product-type.bundle.ui-testing";
		};
/* End PBXNativeTarget section */

/* Begin PBXProject section */
		8B6F654F26C1115A006815FF /* Project object */ = {
			isa = PBXProject;
			attributes = {
				LastSwiftUpdateCheck = 1250;
				LastUpgradeCheck = 1250;
				TargetAttributes = {
					8B6F655626C1115A006815FF = {
						CreatedOnToolsVersion = 12.5.1;
					};
					8B6F656C26C1115B006815FF = {
						CreatedOnToolsVersion = 12.5.1;
						TestTargetID = 8B6F655626C1115A006815FF;
					};
					8B6F657726C1115B006815FF = {
						CreatedOnToolsVersion = 12.5.1;
						TestTargetID = 8B6F655626C1115A006815FF;
					};
				};
			};
			buildConfigurationList = 8B6F655226C1115A006815FF /* Build configuration list for PBXProject "TravelPlanner" */;
			compatibilityVersion = "Xcode 9.3";
			developmentRegion = en;
			hasScannedForEncodings = 0;
			knownRegions = (
				en,
				Base,
			);
			mainGroup = 8B6F654E26C1115A006815FF;
			productRefGroup = 8B6F655826C1115A006815FF /* Products */;
			projectDirPath = "";
			projectRoot = "";
			targets = (
				8B6F655626C1115A006815FF /* TravelPlanner */,
				8B6F656C26C1115B006815FF /* TravelPlannerTests */,
				8B6F657726C1115B006815FF /* TravelPlannerUITests */,
			);
		};
/* End PBXProject section */

/* Begin PBXResourcesBuildPhase section */
		8B6F655526C1115A006815FF /* Resources */ = {
			isa = PBXResourcesBuildPhase;
			buildActionMask = 2147483647;
			files = (
				8B6F656726C1115B006815FF /* LaunchScreen.storyboard in Resources */,
				8B6F656426C1115B006815FF /* Assets.xcassets in Resources */,
				8B6F656226C1115A006815FF /* Main.storyboard in Resources */,
			);
			runOnlyForDeploymentPostprocessing = 0;
		};
		8B6F656B26C1115B006815FF /* Resources */ = {
			isa = PBXResourcesBuildPhase;
			buildActionMask = 2147483647;
			files = (
			);
			runOnlyForDeploymentPostprocessing = 0;
		};
		8B6F657626C1115B006815FF /* Resources */ = {
			isa = PBXResourcesBuildPhase;
			buildActionMask = 2147483647;
			files = (
			);
			runOnlyForDeploymentPostprocessing = 0;
		};
/* End PBXResourcesBuildPhase section */

/* Begin PBXSourcesBuildPhase section */
		8B6F655326C1115A006815FF /* Sources */ = {
			isa = PBXSourcesBuildPhase;
			buildActionMask = 2147483647;
			files = (
				8B35931326C36C1100664B59 /* DetailViewController.swift in Sources */,
				8B6F655F26C1115A006815FF /* ViewController.swift in Sources */,
				8B8021FC26C2703100149784 /* ImageStore.swift in Sources */,
				8B6F658D26C1126A006815FF /* ItineraryViewController.swift in Sources */,
				8B6F655B26C1115A006815FF /* AppDelegate.swift in Sources */,
				8B8021F226C25AFA00149784 /* ItineraryCell.swift in Sources */,
				8B8021F026C258EA00149784 /* ItineraryStore.swift in Sources */,
				8B6F655D26C1115A006815FF /* SceneDelegate.swift in Sources */,
				8B0238C126C6493F00450217 /* Notification.swift in Sources */,
				8B8021EE26C1142000149784 /* Itinerary.swift in Sources */,
				8B8021FA26C269A100149784 /* FlickrAPI.swift in Sources */,
				8B8021FE26C271A500149784 /* Image.swift in Sources */,
			);
			runOnlyForDeploymentPostprocessing = 0;
		};
		8B6F656926C1115B006815FF /* Sources */ = {
			isa = PBXSourcesBuildPhase;
			buildActionMask = 2147483647;
			files = (
				8B6F657226C1115B006815FF /* TravelPlannerTests.swift in Sources */,
			);
			runOnlyForDeploymentPostprocessing = 0;
		};
		8B6F657426C1115B006815FF /* Sources */ = {
			isa = PBXSourcesBuildPhase;
			buildActionMask = 2147483647;
			files = (
				8B6F657D26C1115B006815FF /* TravelPlannerUITests.swift in Sources */,
			);
			runOnlyForDeploymentPostprocessing = 0;
		};
/* End PBXSourcesBuildPhase section */

/* Begin PBXTargetDependency section */
		8B6F656F26C1115B006815FF /* PBXTargetDependency */ = {
			isa = PBXTargetDependency;
			target = 8B6F655626C1115A006815FF /* TravelPlanner */;
			targetProxy = 8B6F656E26C1115B006815FF /* PBXContainerItemProxy */;
		};
		8B6F657A26C1115B006815FF /* PBXTargetDependency */ = {
			isa = PBXTargetDependency;
			target = 8B6F655626C1115A006815FF /* TravelPlanner */;
			targetProxy = 8B6F657926C1115B006815FF /* PBXContainerItemProxy */;
		};
/* End PBXTargetDependency section */

/* Begin PBXVariantGroup section */
		8B6F656026C1115A006815FF /* Main.storyboard */ = {
			isa = PBXVariantGroup;
			children = (
				8B6F656126C1115A006815FF /* Base */,
			);
			name = Main.storyboard;
			sourceTree = "<group>";
		};
		8B6F656526C1115B006815FF /* LaunchScreen.storyboard */ = {
			isa = PBXVariantGroup;
			children = (
				8B6F656626C1115B006815FF /* Base */,
			);
			name = LaunchScreen.storyboard;
			sourceTree = "<group>";
		};
/* End PBXVariantGroup section */

/* Begin XCBuildConfiguration section */
		8B6F657F26C1115B006815FF /* Debug */ = {
			isa = XCBuildConfiguration;
			buildSettings = {
				ALWAYS_SEARCH_USER_PATHS = NO;
				CLANG_ANALYZER_NONNULL = YES;
				CLANG_ANALYZER_NUMBER_OBJECT_CONVERSION = YES_AGGRESSIVE;
				CLANG_CXX_LANGUAGE_STANDARD = "gnu++14";
				CLANG_CXX_LIBRARY = "libc++";
				CLANG_ENABLE_MODULES = YES;
				CLANG_ENABLE_OBJC_ARC = YES;
				CLANG_ENABLE_OBJC_WEAK = YES;
				CLANG_WARN_BLOCK_CAPTURE_AUTORELEASING = YES;
				CLANG_WARN_BOOL_CONVERSION = YES;
				CLANG_WARN_COMMA = YES;
				CLANG_WARN_CONSTANT_CONVERSION = YES;
				CLANG_WARN_DEPRECATED_OBJC_IMPLEMENTATIONS = YES;
				CLANG_WARN_DIRECT_OBJC_ISA_USAGE = YES_ERROR;
				CLANG_WARN_DOCUMENTATION_COMMENTS = YES;
				CLANG_WARN_EMPTY_BODY = YES;
				CLANG_WARN_ENUM_CONVERSION = YES;
				CLANG_WARN_INFINITE_RECURSION = YES;
				CLANG_WARN_INT_CONVERSION = YES;
				CLANG_WARN_NON_LITERAL_NULL_CONVERSION = YES;
				CLANG_WARN_OBJC_IMPLICIT_RETAIN_SELF = YES;
				CLANG_WARN_OBJC_LITERAL_CONVERSION = YES;
				CLANG_WARN_OBJC_ROOT_CLASS = YES_ERROR;
				CLANG_WARN_QUOTED_INCLUDE_IN_FRAMEWORK_HEADER = YES;
				CLANG_WARN_RANGE_LOOP_ANALYSIS = YES;
				CLANG_WARN_STRICT_PROTOTYPES = YES;
				CLANG_WARN_SUSPICIOUS_MOVE = YES;
				CLANG_WARN_UNGUARDED_AVAILABILITY = YES_AGGRESSIVE;
				CLANG_WARN_UNREACHABLE_CODE = YES;
				CLANG_WARN__DUPLICATE_METHOD_MATCH = YES;
				COPY_PHASE_STRIP = NO;
				DEBUG_INFORMATION_FORMAT = dwarf;
				ENABLE_STRICT_OBJC_MSGSEND = YES;
				ENABLE_TESTABILITY = YES;
				GCC_C_LANGUAGE_STANDARD = gnu11;
				GCC_DYNAMIC_NO_PIC = NO;
				GCC_NO_COMMON_BLOCKS = YES;
				GCC_OPTIMIZATION_LEVEL = 0;
				GCC_PREPROCESSOR_DEFINITIONS = (
					"DEBUG=1",
					"$(inherited)",
				);
				GCC_WARN_64_TO_32_BIT_CONVERSION = YES;
				GCC_WARN_ABOUT_RETURN_TYPE = YES_ERROR;
				GCC_WARN_UNDECLARED_SELECTOR = YES;
				GCC_WARN_UNINITIALIZED_AUTOS = YES_AGGRESSIVE;
				GCC_WARN_UNUSED_FUNCTION = YES;
				GCC_WARN_UNUSED_VARIABLE = YES;
				IPHONEOS_DEPLOYMENT_TARGET = 14.5;
				MTL_ENABLE_DEBUG_INFO = INCLUDE_SOURCE;
				MTL_FAST_MATH = YES;
				ONLY_ACTIVE_ARCH = YES;
				SDKROOT = iphoneos;
				SWIFT_ACTIVE_COMPILATION_CONDITIONS = DEBUG;
				SWIFT_OPTIMIZATION_LEVEL = "-Onone";
			};
			name = Debug;
		};
		8B6F658026C1115B006815FF /* Release */ = {
			isa = XCBuildConfiguration;
			buildSettings = {
				ALWAYS_SEARCH_USER_PATHS = NO;
				CLANG_ANALYZER_NONNULL = YES;
				CLANG_ANALYZER_NUMBER_OBJECT_CONVERSION = YES_AGGRESSIVE;
				CLANG_CXX_LANGUAGE_STANDARD = "gnu++14";
				CLANG_CXX_LIBRARY = "libc++";
				CLANG_ENABLE_MODULES = YES;
				CLANG_ENABLE_OBJC_ARC = YES;
				CLANG_ENABLE_OBJC_WEAK = YES;
				CLANG_WARN_BLOCK_CAPTURE_AUTORELEASING = YES;
				CLANG_WARN_BOOL_CONVERSION = YES;
				CLANG_WARN_COMMA = YES;
				CLANG_WARN_CONSTANT_CONVERSION = YES;
				CLANG_WARN_DEPRECATED_OBJC_IMPLEMENTATIONS = YES;
				CLANG_WARN_DIRECT_OBJC_ISA_USAGE = YES_ERROR;
				CLANG_WARN_DOCUMENTATION_COMMENTS = YES;
				CLANG_WARN_EMPTY_BODY = YES;
				CLANG_WARN_ENUM_CONVERSION = YES;
				CLANG_WARN_INFINITE_RECURSION = YES;
				CLANG_WARN_INT_CONVERSION = YES;
				CLANG_WARN_NON_LITERAL_NULL_CONVERSION = YES;
				CLANG_WARN_OBJC_IMPLICIT_RETAIN_SELF = YES;
				CLANG_WARN_OBJC_LITERAL_CONVERSION = YES;
				CLANG_WARN_OBJC_ROOT_CLASS = YES_ERROR;
				CLANG_WARN_QUOTED_INCLUDE_IN_FRAMEWORK_HEADER = YES;
				CLANG_WARN_RANGE_LOOP_ANALYSIS = YES;
				CLANG_WARN_STRICT_PROTOTYPES = YES;
				CLANG_WARN_SUSPICIOUS_MOVE = YES;
				CLANG_WARN_UNGUARDED_AVAILABILITY = YES_AGGRESSIVE;
				CLANG_WARN_UNREACHABLE_CODE = YES;
				CLANG_WARN__DUPLICATE_METHOD_MATCH = YES;
				COPY_PHASE_STRIP = NO;
				DEBUG_INFORMATION_FORMAT = "dwarf-with-dsym";
				ENABLE_NS_ASSERTIONS = NO;
				ENABLE_STRICT_OBJC_MSGSEND = YES;
				GCC_C_LANGUAGE_STANDARD = gnu11;
				GCC_NO_COMMON_BLOCKS = YES;
				GCC_WARN_64_TO_32_BIT_CONVERSION = YES;
				GCC_WARN_ABOUT_RETURN_TYPE = YES_ERROR;
				GCC_WARN_UNDECLARED_SELECTOR = YES;
				GCC_WARN_UNINITIALIZED_AUTOS = YES_AGGRESSIVE;
				GCC_WARN_UNUSED_FUNCTION = YES;
				GCC_WARN_UNUSED_VARIABLE = YES;
				IPHONEOS_DEPLOYMENT_TARGET = 14.5;
				MTL_ENABLE_DEBUG_INFO = NO;
				MTL_FAST_MATH = YES;
				SDKROOT = iphoneos;
				SWIFT_COMPILATION_MODE = wholemodule;
				SWIFT_OPTIMIZATION_LEVEL = "-O";
				VALIDATE_PRODUCT = YES;
			};
			name = Release;
		};
		8B6F658226C1115B006815FF /* Debug */ = {
			isa = XCBuildConfiguration;
			buildSettings = {
				ASSETCATALOG_COMPILER_APPICON_NAME = AppIcon;
				ASSETCATALOG_COMPILER_GLOBAL_ACCENT_COLOR_NAME = AccentColor;
				CODE_SIGN_STYLE = Automatic;
				DEVELOPMENT_TEAM = WQVDM4R299;
				INFOPLIST_FILE = TravelPlanner/Info.plist;
				LD_RUNPATH_SEARCH_PATHS = (
					"$(inherited)",
					"@executable_path/Frameworks",
				);
				PRODUCT_BUNDLE_IDENTIFIER = lulusabee.TravelPlanner;
				PRODUCT_NAME = "$(TARGET_NAME)";
				SWIFT_VERSION = 5.0;
				TARGETED_DEVICE_FAMILY = "1,2";
			};
			name = Debug;
		};
		8B6F658326C1115B006815FF /* Release */ = {
			isa = XCBuildConfiguration;
			buildSettings = {
				ASSETCATALOG_COMPILER_APPICON_NAME = AppIcon;
				ASSETCATALOG_COMPILER_GLOBAL_ACCENT_COLOR_NAME = AccentColor;
				CODE_SIGN_STYLE = Automatic;
				DEVELOPMENT_TEAM = WQVDM4R299;
				INFOPLIST_FILE = TravelPlanner/Info.plist;
				LD_RUNPATH_SEARCH_PATHS = (
					"$(inherited)",
					"@executable_path/Frameworks",
				);
				PRODUCT_BUNDLE_IDENTIFIER = lulusabee.TravelPlanner;
				PRODUCT_NAME = "$(TARGET_NAME)";
				SWIFT_VERSION = 5.0;
				TARGETED_DEVICE_FAMILY = "1,2";
			};
			name = Release;
		};
		8B6F658526C1115B006815FF /* Debug */ = {
			isa = XCBuildConfiguration;
			buildSettings = {
				ALWAYS_EMBED_SWIFT_STANDARD_LIBRARIES = YES;
				BUNDLE_LOADER = "$(TEST_HOST)";
				CODE_SIGN_STYLE = Automatic;
				DEVELOPMENT_TEAM = WQVDM4R299;
				INFOPLIST_FILE = TravelPlannerTests/Info.plist;
				IPHONEOS_DEPLOYMENT_TARGET = 14.5;
				LD_RUNPATH_SEARCH_PATHS = (
					"$(inherited)",
					"@executable_path/Frameworks",
					"@loader_path/Frameworks",
				);
				PRODUCT_BUNDLE_IDENTIFIER = lulusabee.TravelPlannerTests;
				PRODUCT_NAME = "$(TARGET_NAME)";
				SWIFT_VERSION = 5.0;
				TARGETED_DEVICE_FAMILY = "1,2";
				TEST_HOST = "$(BUILT_PRODUCTS_DIR)/TravelPlanner.app/TravelPlanner";
			};
			name = Debug;
		};
		8B6F658626C1115B006815FF /* Release */ = {
			isa = XCBuildConfiguration;
			buildSettings = {
				ALWAYS_EMBED_SWIFT_STANDARD_LIBRARIES = YES;
				BUNDLE_LOADER = "$(TEST_HOST)";
				CODE_SIGN_STYLE = Automatic;
				DEVELOPMENT_TEAM = WQVDM4R299;
				INFOPLIST_FILE = TravelPlannerTests/Info.plist;
				IPHONEOS_DEPLOYMENT_TARGET = 14.5;
				LD_RUNPATH_SEARCH_PATHS = (
					"$(inherited)",
					"@executable_path/Frameworks",
					"@loader_path/Frameworks",
				);
				PRODUCT_BUNDLE_IDENTIFIER = lulusabee.TravelPlannerTests;
				PRODUCT_NAME = "$(TARGET_NAME)";
				SWIFT_VERSION = 5.0;
				TARGETED_DEVICE_FAMILY = "1,2";
				TEST_HOST = "$(BUILT_PRODUCTS_DIR)/TravelPlanner.app/TravelPlanner";
			};
			name = Release;
		};
		8B6F658826C1115B006815FF /* Debug */ = {
			isa = XCBuildConfiguration;
			buildSettings = {
				ALWAYS_EMBED_SWIFT_STANDARD_LIBRARIES = YES;
				CODE_SIGN_STYLE = Automatic;
				DEVELOPMENT_TEAM = WQVDM4R299;
				INFOPLIST_FILE = TravelPlannerUITests/Info.plist;
				LD_RUNPATH_SEARCH_PATHS = (
					"$(inherited)",
					"@executable_path/Frameworks",
					"@loader_path/Frameworks",
				);
				PRODUCT_BUNDLE_IDENTIFIER = lulusabee.TravelPlannerUITests;
				PRODUCT_NAME = "$(TARGET_NAME)";
				SWIFT_VERSION = 5.0;
				TARGETED_DEVICE_FAMILY = "1,2";
				TEST_TARGET_NAME = TravelPlanner;
			};
			name = Debug;
		};
		8B6F658926C1115B006815FF /* Release */ = {
			isa = XCBuildConfiguration;
			buildSettings = {
				ALWAYS_EMBED_SWIFT_STANDARD_LIBRARIES = YES;
				CODE_SIGN_STYLE = Automatic;
				DEVELOPMENT_TEAM = WQVDM4R299;
				INFOPLIST_FILE = TravelPlannerUITests/Info.plist;
				LD_RUNPATH_SEARCH_PATHS = (
					"$(inherited)",
					"@executable_path/Frameworks",
					"@loader_path/Frameworks",
				);
				PRODUCT_BUNDLE_IDENTIFIER = lulusabee.TravelPlannerUITests;
				PRODUCT_NAME = "$(TARGET_NAME)";
				SWIFT_VERSION = 5.0;
				TARGETED_DEVICE_FAMILY = "1,2";
				TEST_TARGET_NAME = TravelPlanner;
			};
			name = Release;
		};
/* End XCBuildConfiguration section */

/* Begin XCConfigurationList section */
		8B6F655226C1115A006815FF /* Build configuration list for PBXProject "TravelPlanner" */ = {
			isa = XCConfigurationList;
			buildConfigurations = (
				8B6F657F26C1115B006815FF /* Debug */,
				8B6F658026C1115B006815FF /* Release */,
			);
			defaultConfigurationIsVisible = 0;
			defaultConfigurationName = Release;
		};
		8B6F658126C1115B006815FF /* Build configuration list for PBXNativeTarget "TravelPlanner" */ = {
			isa = XCConfigurationList;
			buildConfigurations = (
				8B6F658226C1115B006815FF /* Debug */,
				8B6F658326C1115B006815FF /* Release */,
			);
			defaultConfigurationIsVisible = 0;
			defaultConfigurationName = Release;
		};
		8B6F658426C1115B006815FF /* Build configuration list for PBXNativeTarget "TravelPlannerTests" */ = {
			isa = XCConfigurationList;
			buildConfigurations = (
				8B6F658526C1115B006815FF /* Debug */,
				8B6F658626C1115B006815FF /* Release */,
			);
			defaultConfigurationIsVisible = 0;
			defaultConfigurationName = Release;
		};
		8B6F658726C1115B006815FF /* Build configuration list for PBXNativeTarget "TravelPlannerUITests" */ = {
			isa = XCConfigurationList;
			buildConfigurations = (
				8B6F658826C1115B006815FF /* Debug */,
				8B6F658926C1115B006815FF /* Release */,
			);
			defaultConfigurationIsVisible = 0;
			defaultConfigurationName = Release;
		};
/* End XCConfigurationList section */
	};
	rootObject = 8B6F654F26C1115A006815FF /* Project object */;
}
